// !$*UTF8*$!
{
	archiveVersion = 1;
	classes = {
	};
	objectVersion = 77;
	objects = {

/* Begin PBXBuildFile section */
		5A6D00000000000000000101 /* GamEngine in Frameworks */ = {isa = PBXBuildFile; productRef = 5A6D00000000000000000201 /* GamEngine */; };
		5A6D00000000000000000102 /* Vault in Frameworks */ = {isa = PBXBuildFile; productRef = 5A6D00000000000000000202 /* Vault */; };
/* End PBXBuildFile section */

/* Begin PBXFileReference section */
		5A6D00000000000000000001 /* GamGUI.app */ = {isa = PBXFileReference; explicitFileType = wrapper.application; includeInIndex = 0; path = GamGUI.app; sourceTree = BUILT_PRODUCTS_DIR; };
		5A6D00000000000000000002 /* GamGUI.entitlements */ = {isa = PBXFileReference; lastKnownFileType = text.plist.entitlements; path = GamGUI.entitlements; sourceTree = "<group>"; };
		5A6D00000000000000000003 /* Base.xcconfig */ = {isa = PBXFileReference; lastKnownFileType = text.xcconfig; path = Base.xcconfig; sourceTree = "<group>"; };
		5A6D00000000000000000004 /* GamGUI-Team.entitlements */ = {isa = PBXFileReference; lastKnownFileType = text.plist.entitlements; path = "GamGUI-Team.entitlements"; sourceTree = "<group>"; };
/* End PBXFileReference section */

/* Begin PBXFileSystemSynchronizedRootGroup section */
		5A6D00000000000000000010 /* App */ = {
			isa = PBXFileSystemSynchronizedRootGroup;
			path = App;
			sourceTree = "<group>";
		};
/* End PBXFileSystemSynchronizedRootGroup section */

/* Begin PBXFrameworksBuildPhase section */
		5A6D00000000000000000020 /* Frameworks */ = {
			isa = PBXFrameworksBuildPhase;
			buildActionMask = 2147483647;
			files = (
				5A6D00000000000000000101 /* GamEngine in Frameworks */,
				5A6D00000000000000000102 /* Vault in Frameworks */,
			);
			runOnlyForDeploymentPostprocessing = 0;
		};
/* End PBXFrameworksBuildPhase section */

/* Begin PBXGroup section */
		5A6D00000000000000000030 = {
			isa = PBXGroup;
			children = (
				5A6D00000000000000000010 /* App */,
				5A6D00000000000000000032 /* Config */,
				5A6D00000000000000000031 /* Products */,
			);
			sourceTree = "<group>";
		};
		5A6D00000000000000000031 /* Products */ = {
			isa = PBXGroup;
			children = (
				5A6D00000000000000000001 /* GamGUI.app */,
			);
			name = Products;
			sourceTree = "<group>";
		};
		5A6D00000000000000000032 /* Config */ = {
			isa = PBXGroup;
			children = (
				5A6D00000000000000000003 /* Base.xcconfig */,
				5A6D00000000000000000002 /* GamGUI.entitlements */,
				5A6D00000000000000000004 /* GamGUI-Team.entitlements */,
			);
			path = Config;
			sourceTree = "<group>";
		};
/* End PBXGroup section */

/* Begin PBXNativeTarget section */
		5A6D00000000000000000040 /* GamGUI */ = {
			isa = PBXNativeTarget;
			buildConfigurationList = 5A6D00000000000000000070 /* Build configuration list for PBXNativeTarget "GamGUI" */;
			buildPhases = (
				5A6D00000000000000000050 /* Sources */,
				5A6D00000000000000000020 /* Frameworks */,
				5A6D00000000000000000051 /* Resources */,
				5A6D00000000000000000052 /* Embed GAM */,
			);
			buildRules = (
			);
			dependencies = (
			);
			fileSystemSynchronizedGroups = (
				5A6D00000000000000000010 /* App */,
			);
			name = GamGUI;
			packageProductDependencies = (
				5A6D00000000000000000201 /* GamEngine */,
				5A6D00000000000000000202 /* Vault */,
			);
			productName = GamGUI;
			productReference = 5A6D00000000000000000001 /* GamGUI.app */;
			productType = "com.apple.product-type.application";
		};
/* End PBXNativeTarget section */

/* Begin PBXProject section */
		5A6D00000000000000000060 /* Project object */ = {
			isa = PBXProject;
			attributes = {
				BuildIndependentTargetsInParallel = 1;
				LastSwiftUpdateCheck = 2700;
				LastUpgradeCheck = 2700;
				TargetAttributes = {
					5A6D00000000000000000040 = {
						CreatedOnToolsVersion = 27.0;
					};
				};
			};
			buildConfigurationList = 5A6D00000000000000000071 /* Build configuration list for PBXProject "SwiftGamGui" */;
			developmentRegion = en;
			hasScannedForEncodings = 0;
			knownRegions = (
				en,
				Base,
			);
			mainGroup = 5A6D00000000000000000030;
			minimizedProjectReferenceProxies = 1;
			packageReferences = (
				5A6D00000000000000000300 /* XCLocalSwiftPackageReference "Packages/GamKit" */,
			);
			preferredProjectObjectVersion = 77;
			productRefGroup = 5A6D00000000000000000031 /* Products */;
			projectDirPath = "";
			projectRoot = "";
			targets = (
				5A6D00000000000000000040 /* GamGUI */,
			);
		};
/* End PBXProject section */

/* Begin PBXResourcesBuildPhase section */
		5A6D00000000000000000051 /* Resources */ = {
			isa = PBXResourcesBuildPhase;
			buildActionMask = 2147483647;
			files = (
			);
			runOnlyForDeploymentPostprocessing = 0;
		};
/* End PBXResourcesBuildPhase section */

/* Begin PBXShellScriptBuildPhase section */
		5A6D00000000000000000052 /* Embed GAM */ = {
			isa = PBXShellScriptBuildPhase;
			alwaysOutOfDate = 1;
			buildActionMask = 2147483647;
			files = (
			);
			inputFileListPaths = (
			);
			inputPaths = (
			);
			name = "Embed GAM";
			outputFileListPaths = (
			);
			outputPaths = (
			);
			runOnlyForDeploymentPostprocessing = 0;
			shellPath = /bin/sh;
			shellScript = "\"${SRCROOT}/scripts/embed_gam.sh\"\n";
		};
/* End PBXShellScriptBuildPhase section */

/* Begin PBXSourcesBuildPhase section */
		5A6D00000000000000000050 /* Sources */ = {
			isa = PBXSourcesBuildPhase;
			buildActionMask = 2147483647;
			files = (
			);
			runOnlyForDeploymentPostprocessing = 0;
		};
/* End PBXSourcesBuildPhase section */

/* Begin XCBuildConfiguration section */
		5A6D00000000000000000080 /* Debug */ = {
			isa = XCBuildConfiguration;
			buildSettings = {
				ALWAYS_SEARCH_USER_PATHS = NO;
				CLANG_ENABLE_MODULES = YES;
				CLANG_ENABLE_OBJC_ARC = YES;
				COPY_PHASE_STRIP = NO;
				DEBUG_INFORMATION_FORMAT = dwarf;
				ENABLE_STRICT_OBJC_MSGSEND = YES;
				ENABLE_TESTABILITY = YES;
				ENABLE_USER_SCRIPT_SANDBOXING = YES;
				GCC_OPTIMIZATION_LEVEL = 0;
				GCC_PREPROCESSOR_DEFINITIONS = (
					"DEBUG=1",
					"$(inherited)",
				);
				MACOSX_DEPLOYMENT_TARGET = 27.0;
				MTL_ENABLE_DEBUG_INFO = INCLUDE_SOURCE;
				ONLY_ACTIVE_ARCH = YES;
				SDKROOT = macosx;
				SWIFT_ACTIVE_COMPILATION_CONDITIONS = "DEBUG $(inherited)";
				SWIFT_OPTIMIZATION_LEVEL = "-Onone";
				SWIFT_VERSION = 6.0;
			};
			name = Debug;
		};
		5A6D00000000000000000081 /* Release */ = {
			isa = XCBuildConfiguration;
			buildSettings = {
				ALWAYS_SEARCH_USER_PATHS = NO;
				CLANG_ENABLE_MODULES = YES;
				CLANG_ENABLE_OBJC_ARC = YES;
				COPY_PHASE_STRIP = NO;
				DEBUG_INFORMATION_FORMAT = "dwarf-with-dsym";
				ENABLE_NS_ASSERTIONS = NO;
				ENABLE_STRICT_OBJC_MSGSEND = YES;
				ENABLE_USER_SCRIPT_SANDBOXING = YES;
				MACOSX_DEPLOYMENT_TARGET = 27.0;
				MTL_ENABLE_DEBUG_INFO = NO;
				SDKROOT = macosx;
				SWIFT_COMPILATION_MODE = wholemodule;
				SWIFT_VERSION = 6.0;
			};
			name = Release;
		};
		5A6D00000000000000000082 /* Debug */ = {
			isa = XCBuildConfiguration;
			baseConfigurationReference = 5A6D00000000000000000003 /* Base.xcconfig */;
			buildSettings = {
				ENABLE_USER_SCRIPT_SANDBOXING = NO;
				COMBINE_HIDPI_IMAGES = YES;
				CURRENT_PROJECT_VERSION = 1;
				ENABLE_APP_SANDBOX = NO;
				ENABLE_HARDENED_RUNTIME = YES;
				GENERATE_INFOPLIST_FILE = YES;
				INFOPLIST_KEY_CFBundleDisplayName = GamGUI;
				INFOPLIST_KEY_LSApplicationCategoryType = "public.app-category.utilities";
				INFOPLIST_KEY_NSHumanReadableCopyright = "MIT License — SwiftGamGui contributors";
				LD_RUNPATH_SEARCH_PATHS = (
					"$(inherited)",
					"@executable_path/../Frameworks",
				);
				MARKETING_VERSION = 0.1.0;
				PRODUCT_BUNDLE_IDENTIFIER = io.github.goetchstone.swiftgamgui;
				PRODUCT_NAME = "$(TARGET_NAME)";
				SWIFT_EMIT_LOC_STRINGS = YES;
				SWIFT_STRICT_CONCURRENCY = complete;
				SWIFT_VERSION = 6.0;
			};
			name = Debug;
		};
		5A6D00000000000000000083 /* Release */ = {
			isa = XCBuildConfiguration;
			baseConfigurationReference = 5A6D00000000000000000003 /* Base.xcconfig */;
			buildSettings = {
				ENABLE_USER_SCRIPT_SANDBOXING = NO;
				COMBINE_HIDPI_IMAGES = YES;
				CURRENT_PROJECT_VERSION = 1;
				ENABLE_APP_SANDBOX = NO;
				ENABLE_HARDENED_RUNTIME = YES;
				GENERATE_INFOPLIST_FILE = YES;
				INFOPLIST_KEY_CFBundleDisplayName = GamGUI;
				INFOPLIST_KEY_LSApplicationCategoryType = "public.app-category.utilities";
				INFOPLIST_KEY_NSHumanReadableCopyright = "MIT License — SwiftGamGui contributors";
				LD_RUNPATH_SEARCH_PATHS = (
					"$(inherited)",
					"@executable_path/../Frameworks",
				);
				MARKETING_VERSION = 0.1.0;
				PRODUCT_BUNDLE_IDENTIFIER = io.github.goetchstone.swiftgamgui;
				PRODUCT_NAME = "$(TARGET_NAME)";
				SWIFT_EMIT_LOC_STRINGS = YES;
				SWIFT_STRICT_CONCURRENCY = complete;
				SWIFT_VERSION = 6.0;
			};
			name = Release;
		};
/* End XCBuildConfiguration section */

/* Begin XCConfigurationList section */
		5A6D00000000000000000070 /* Build configuration list for PBXNativeTarget "GamGUI" */ = {
			isa = XCConfigurationList;
			buildConfigurations = (
				5A6D00000000000000000082 /* Debug */,
				5A6D00000000000000000083 /* Release */,
			);
			defaultConfigurationIsVisible = 0;
			defaultConfigurationName = Release;
		};
		5A6D00000000000000000071 /* Build configuration list for PBXProject "SwiftGamGui" */ = {
			isa = XCConfigurationList;
			buildConfigurations = (
				5A6D00000000000000000080 /* Debug */,
				5A6D00000000000000000081 /* Release */,
			);
			defaultConfigurationIsVisible = 0;
			defaultConfigurationName = Release;
		};
/* End XCConfigurationList section */

/* Begin XCLocalSwiftPackageReference section */
		5A6D00000000000000000300 /* XCLocalSwiftPackageReference "Packages/GamKit" */ = {
			isa = XCLocalSwiftPackageReference;
			relativePath = Packages/GamKit;
		};
/* End XCLocalSwiftPackageReference section */

/* Begin XCSwiftPackageProductDependency section */
		5A6D00000000000000000201 /* GamEngine */ = {
			isa = XCSwiftPackageProductDependency;
			productName = GamEngine;
		};
		5A6D00000000000000000202 /* Vault */ = {
			isa = XCSwiftPackageProductDependency;
			productName = Vault;
		};
/* End XCSwiftPackageProductDependency section */
	};
	rootObject = 5A6D00000000000000000060 /* Project object */;
}
